
Microsoft Visual Studio Solution File, Format Version 12.00
# Visual Studio Version 16
VisualStudioVersion = 25.0.1705.2
MinimumVisualStudioVersion = 10.0.40219.1
Project("{FAE04EC0-301F-11D3-BF4B-00C04F79EFBC}") = "AzureAPI", "AzureAPI\AzureAPI.csproj", "{BE584B72-FD9B-4A26-83AE-58B905315953}"
EndProject
Global
	GlobalSection(SolutionConfigurationPlatforms) = preSolution
		Debug|Any CPU = Debug|Any CPU
		Release|Any CPU = Release|Any CPU
	EndGlobalSection
	GlobalSection(ProjectConfigurationPlatforms) = postSolution
		{BE584B72-FD9B-4A26-83AE-58B905315953}.Debug|Any CPU.ActiveCfg = Debug|Any CPU
		{BE584B72-FD9B-4A26-83AE-58B905315953}.Debug|Any CPU.Build.0 = Debug|Any CPU
		{BE584B72-FD9B-4A26-83AE-58B905315953}.Release|Any CPU.ActiveCfg = Release|Any CPU
		{BE584B72-FD9B-4A26-83AE-58B905315953}.Release|Any CPU.Build.0 = Release|Any CPU
	EndGlobalSection
	GlobalSection(SolutionProperties) = preSolution
		HideSolutionNode = FALSE
	EndGlobalSection
	GlobalSection(ExtensibilityGlobals) = postSolution
		SolutionGuid = {2ED72D89-1510-4606-B070-E873AF181ACC}
	EndGlobalSection
EndGlobal
